
Microsoft Visual Studio Solution File, Format Version 12.00
# Visual Studio 14
VisualStudioVersion = 14.0.23107.0
MinimumVisualStudioVersion = 10.0.40219.1
Project("{FAE04EC0-301F-11D3-BF4B-00C04F79EFBC}") = "01. Permutations", "01. Permutations\01. Permutations.csproj", "{A1B8E459-366C-4930-8561-56B7CED2922E}"
EndProject
Project("{FAE04EC0-301F-11D3-BF4B-00C04F79EFBC}") = "02. Permutations (iterative)", "02. Permutations (iterative)\02. Permutations (iterative).csproj", "{EA0FAE87-6018-468A-A808-73B827EE38B3}"
EndProject
Project("{FAE04EC0-301F-11D3-BF4B-00C04F79EFBC}") = "03. Combinations (iterative)", "03. Combinations (iterative)\03. Combinations (iterative).csproj", "{6DD2054D-5921-4BE5-80E8-332BB6950B8D}"
EndProject
Project("{FAE04EC0-301F-11D3-BF4B-00C04F79EFBC}") = "04. Generate Subsets of String Array", "04. Generate Subsets of String Array\04. Generate Subsets of String Array.csproj", "{C55EF477-6045-4D4D-A6FA-07DF5B92CD87}"
EndProject
Project("{FAE04EC0-301F-11D3-BF4B-00C04F79EFBC}") = "05. Permutations With Repetition", "05. Permutations With Repetition\05. Permutations With Repetition.csproj", "{BB746554-5359-4991-B46A-28142458A1F2}"
EndProject
Global
	GlobalSection(SolutionConfigurationPlatforms) = preSolution
		Debug|Any CPU = Debug|Any CPU
		Release|Any CPU = Release|Any CPU
	EndGlobalSection
	GlobalSection(ProjectConfigurationPlatforms) = postSolution
		{A1B8E459-366C-4930-8561-56B7CED2922E}.Debug|Any CPU.ActiveCfg = Debug|Any CPU
		{A1B8E459-366C-4930-8561-56B7CED2922E}.Debug|Any CPU.Build.0 = Debug|Any CPU
		{A1B8E459-366C-4930-8561-56B7CED2922E}.Release|Any CPU.ActiveCfg = Release|Any CPU
		{A1B8E459-366C-4930-8561-56B7CED2922E}.Release|Any CPU.Build.0 = Release|Any CPU
		{EA0FAE87-6018-468A-A808-73B827EE38B3}.Debug|Any CPU.ActiveCfg = Debug|Any CPU
		{EA0FAE87-6018-468A-A808-73B827EE38B3}.Debug|Any CPU.Build.0 = Debug|Any CPU
		{EA0FAE87-6018-468A-A808-73B827EE38B3}.Release|Any CPU.ActiveCfg = Release|Any CPU
		{EA0FAE87-6018-468A-A808-73B827EE38B3}.Release|Any CPU.Build.0 = Release|Any CPU
		{6DD2054D-5921-4BE5-80E8-332BB6950B8D}.Debug|Any CPU.ActiveCfg = Debug|Any CPU
		{6DD2054D-5921-4BE5-80E8-332BB6950B8D}.Debug|Any CPU.Build.0 = Debug|Any CPU
		{6DD2054D-5921-4BE5-80E8-332BB6950B8D}.Release|Any CPU.ActiveCfg = Release|Any CPU
		{6DD2054D-5921-4BE5-80E8-332BB6950B8D}.Release|Any CPU.Build.0 = Release|Any CPU
		{C55EF477-6045-4D4D-A6FA-07DF5B92CD87}.Debug|Any CPU.ActiveCfg = Debug|Any CPU
		{C55EF477-6045-4D4D-A6FA-07DF5B92CD87}.Debug|Any CPU.Build.0 = Debug|Any CPU
		{C55EF477-6045-4D4D-A6FA-07DF5B92CD87}.Release|Any CPU.ActiveCfg = Release|Any CPU
		{C55EF477-6045-4D4D-A6FA-07DF5B92CD87}.Release|Any CPU.Build.0 = Release|Any CPU
		{BB746554-5359-4991-B46A-28142458A1F2}.Debug|Any CPU.ActiveCfg = Debug|Any CPU
		{BB746554-5359-4991-B46A-28142458A1F2}.Debug|Any CPU.Build.0 = Debug|Any CPU
		{BB746554-5359-4991-B46A-28142458A1F2}.Release|Any CPU.ActiveCfg = Release|Any CPU
		{BB746554-5359-4991-B46A-28142458A1F2}.Release|Any CPU.Build.0 = Release|Any CPU
	EndGlobalSection
	GlobalSection(SolutionProperties) = preSolution
		HideSolutionNode = FALSE
	EndGlobalSection
EndGlobal
